// !$*UTF8*$!
{
	archiveVersion = 1;
	classes = {
	};
	objectVersion = 48;
	objects = {

/* Begin PBXBuildFile section */
		397339B8235CC68B00BFF4EF /* AppDelegate.swift in Sources */ = {isa = PBXBuildFile; fileRef = 397339B7235CC68B00BFF4EF /* AppDelegate.swift */; };
		397339BA235CC68B00BFF4EF /* FirstViewController.swift in Sources */ = {isa = PBXBuildFile; fileRef = 397339B9235CC68B00BFF4EF /* FirstViewController.swift */; };
		397339BC235CC68B00BFF4EF /* SecondViewController.swift in Sources */ = {isa = PBXBuildFile; fileRef = 397339BB235CC68B00BFF4EF /* SecondViewController.swift */; };
		397339BF235CC68B00BFF4EF /* Main.storyboard in Resources */ = {isa = PBXBuildFile; fileRef = 397339BD235CC68B00BFF4EF /* Main.storyboard */; };
		397339C1235CC68B00BFF4EF /* Assets.xcassets in Resources */ = {isa = PBXBuildFile; fileRef = 397339C0235CC68B00BFF4EF /* Assets.xcassets */; };
		397339C4235CC68B00BFF4EF /* LaunchScreen.storyboard in Resources */ = {isa = PBXBuildFile; fileRef = 397339C2235CC68B00BFF4EF /* LaunchScreen.storyboard */; };
		397339CF235CC68B00BFF4EF /* FlikTaskTests.swift in Sources */ = {isa = PBXBuildFile; fileRef = 397339CE235CC68B00BFF4EF /* FlikTaskTests.swift */; };
		397339DA235CC68B00BFF4EF /* FlikTaskUITests.swift in Sources */ = {isa = PBXBuildFile; fileRef = 397339D9235CC68B00BFF4EF /* FlikTaskUITests.swift */; };
		397339E8235CD20100BFF4EF /* ViewController.swift in Sources */ = {isa = PBXBuildFile; fileRef = 397339E7235CD20100BFF4EF /* ViewController.swift */; };
		397339EA235CE42000BFF4EF /* CollectionViewCell.swift in Sources */ = {isa = PBXBuildFile; fileRef = 397339E9235CE42000BFF4EF /* CollectionViewCell.swift */; };
		397339EC235CEC7000BFF4EF /* thirdViewController.swift in Sources */ = {isa = PBXBuildFile; fileRef = 397339EB235CEC7000BFF4EF /* thirdViewController.swift */; };
		397339EE235CEECB00BFF4EF /* fourthViewController.swift in Sources */ = {isa = PBXBuildFile; fileRef = 397339ED235CEECB00BFF4EF /* fourthViewController.swift */; };
/* End PBXBuildFile section */

/* Begin PBXContainerItemProxy section */
		397339CB235CC68B00BFF4EF /* PBXContainerItemProxy */ = {
			isa = PBXContainerItemProxy;
			containerPortal = 397339AC235CC68A00BFF4EF /* Project object */;
			proxyType = 1;
			remoteGlobalIDString = 397339B3235CC68A00BFF4EF;
			remoteInfo = FlikTask;
		};
		397339D6235CC68B00BFF4EF /* PBXContainerItemProxy */ = {
			isa = PBXContainerItemProxy;
			containerPortal = 397339AC235CC68A00BFF4EF /* Project object */;
			proxyType = 1;
			remoteGlobalIDString = 397339B3235CC68A00BFF4EF;
			remoteInfo = FlikTask;
		};
/* End PBXContainerItemProxy section */

/* Begin PBXFileReference section */
		397339B4235CC68A00BFF4EF /* FlikTask.app */ = {isa = PBXFileReference; explicitFileType = wrapper.application; includeInIndex = 0; path = FlikTask.app; sourceTree = BUILT_PRODUCTS_DIR; };
		397339B7235CC68B00BFF4EF /* AppDelegate.swift */ = {isa = PBXFileReference; lastKnownFileType = sourcecode.swift; path = AppDelegate.swift; sourceTree = "<group>"; };
		397339B9235CC68B00BFF4EF /* FirstViewController.swift */ = {isa = PBXFileReference; lastKnownFileType = sourcecode.swift; path = FirstViewController.swift; sourceTree = "<group>"; };
		397339BB235CC68B00BFF4EF /* SecondViewController.swift */ = {isa = PBXFileReference; lastKnownFileType = sourcecode.swift; path = SecondViewController.swift; sourceTree = "<group>"; };
		397339BE235CC68B00BFF4EF /* Base */ = {isa = PBXFileReference; lastKnownFileType = file.storyboard; name = Base; path = Base.lproj/Main.storyboard; sourceTree = "<group>"; };
		397339C0235CC68B00BFF4EF /* Assets.xcassets */ = {isa = PBXFileReference; lastKnownFileType = folder.assetcatalog; path = Assets.xcassets; sourceTree = "<group>"; };
		397339C3235CC68B00BFF4EF /* Base */ = {isa = PBXFileReference; lastKnownFileType = file.storyboard; name = Base; path = Base.lproj/LaunchScreen.storyboard; sourceTree = "<group>"; };
		397339C5235CC68B00BFF4EF /* Info.plist */ = {isa = PBXFileReference; lastKnownFileType = text.plist.xml; path = Info.plist; sourceTree = "<group>"; };
		397339CA235CC68B00BFF4EF /* FlikTaskTests.xctest */ = {isa = PBXFileReference; explicitFileType = wrapper.cfbundle; includeInIndex = 0; path = FlikTaskTests.xctest; sourceTree = BUILT_PRODUCTS_DIR; };
		397339CE235CC68B00BFF4EF /* FlikTaskTests.swift */ = {isa = PBXFileReference; lastKnownFileType = sourcecode.swift; path = FlikTaskTests.swift; sourceTree = "<group>"; };
		397339D0235CC68B00BFF4EF /* Info.plist */ = {isa = PBXFileReference; lastKnownFileType = text.plist.xml; path = Info.plist; sourceTree = "<group>"; };
		397339D5235CC68B00BFF4EF /* FlikTaskUITests.xctest */ = {isa = PBXFileReference; explicitFileType = wrapper.cfbundle; includeInIndex = 0; path = FlikTaskUITests.xctest; sourceTree = BUILT_PRODUCTS_DIR; };
		397339D9235CC68B00BFF4EF /* FlikTaskUITests.swift */ = {isa = PBXFileReference; lastKnownFileType = sourcecode.swift; path = FlikTaskUITests.swift; sourceTree = "<group>"; };
		397339DB235CC68B00BFF4EF /* Info.plist */ = {isa = PBXFileReference; lastKnownFileType = text.plist.xml; path = Info.plist; sourceTree = "<group>"; };
		397339E7235CD20100BFF4EF /* ViewController.swift */ = {isa = PBXFileReference; lastKnownFileType = sourcecode.swift; path = ViewController.swift; sourceTree = "<group>"; };
		397339E9235CE42000BFF4EF /* CollectionViewCell.swift */ = {isa = PBXFileReference; lastKnownFileType = sourcecode.swift; path = CollectionViewCell.swift; sourceTree = "<group>"; };
		397339EB235CEC7000BFF4EF /* thirdViewController.swift */ = {isa = PBXFileReference; lastKnownFileType = sourcecode.swift; path = thirdViewController.swift; sourceTree = "<group>"; };
		397339ED235CEECB00BFF4EF /* fourthViewController.swift */ = {isa = PBXFileReference; lastKnownFileType = sourcecode.swift; path = fourthViewController.swift; sourceTree = "<group>"; };
/* End PBXFileReference section */

/* Begin PBXFrameworksBuildPhase section */
		397339B1235CC68A00BFF4EF /* Frameworks */ = {
			isa = PBXFrameworksBuildPhase;
			buildActionMask = 2147483647;
			files = (
			);
			runOnlyForDeploymentPostprocessing = 0;
		};
		397339C7235CC68B00BFF4EF /* Frameworks */ = {
			isa = PBXFrameworksBuildPhase;
			buildActionMask = 2147483647;
			files = (
			);
			runOnlyForDeploymentPostprocessing = 0;
		};
		397339D2235CC68B00BFF4EF /* Frameworks */ = {
			isa = PBXFrameworksBuildPhase;
			buildActionMask = 2147483647;
			files = (
			);
			runOnlyForDeploymentPostprocessing = 0;
		};
/* End PBXFrameworksBuildPhase section */

/* Begin PBXGroup section */
		397339AB235CC68A00BFF4EF = {
			isa = PBXGroup;
			children = (
				397339B6235CC68A00BFF4EF /* FlikTask */,
				397339CD235CC68B00BFF4EF /* FlikTaskTests */,
				397339D8235CC68B00BFF4EF /* FlikTaskUITests */,
				397339B5235CC68A00BFF4EF /* Products */,
			);
			sourceTree = "<group>";
		};
		397339B5235CC68A00BFF4EF /* Products */ = {
			isa = PBXGroup;
			children = (
				397339B4235CC68A00BFF4EF /* FlikTask.app */,
				397339CA235CC68B00BFF4EF /* FlikTaskTests.xctest */,
				397339D5235CC68B00BFF4EF /* FlikTaskUITests.xctest */,
			);
			name = Products;
			sourceTree = "<group>";
		};
		397339B6235CC68A00BFF4EF /* FlikTask */ = {
			isa = PBXGroup;
			children = (
				397339B7235CC68B00BFF4EF /* AppDelegate.swift */,
				397339E7235CD20100BFF4EF /* ViewController.swift */,
				397339B9235CC68B00BFF4EF /* FirstViewController.swift */,
				397339E9235CE42000BFF4EF /* CollectionViewCell.swift */,
				397339BB235CC68B00BFF4EF /* SecondViewController.swift */,
				397339EB235CEC7000BFF4EF /* thirdViewController.swift */,
				397339ED235CEECB00BFF4EF /* fourthViewController.swift */,
				397339BD235CC68B00BFF4EF /* Main.storyboard */,
				397339C0235CC68B00BFF4EF /* Assets.xcassets */,
				397339C2235CC68B00BFF4EF /* LaunchScreen.storyboard */,
				397339C5235CC68B00BFF4EF /* Info.plist */,
			);
			path = FlikTask;
			sourceTree = "<group>";
		};
		397339CD235CC68B00BFF4EF /* FlikTaskTests */ = {
			isa = PBXGroup;
			children = (
				397339CE235CC68B00BFF4EF /* FlikTaskTests.swift */,
				397339D0235CC68B00BFF4EF /* Info.plist */,
			);
			path = FlikTaskTests;
			sourceTree = "<group>";
		};
		397339D8235CC68B00BFF4EF /* FlikTaskUITests */ = {
			isa = PBXGroup;
			children = (
				397339D9235CC68B00BFF4EF /* FlikTaskUITests.swift */,
				397339DB235CC68B00BFF4EF /* Info.plist */,
			);
			path = FlikTaskUITests;
			sourceTree = "<group>";
		};
/* End PBXGroup section */

/* Begin PBXNativeTarget section */
		397339B3235CC68A00BFF4EF /* FlikTask */ = {
			isa = PBXNativeTarget;
			buildConfigurationList = 397339DE235CC68B00BFF4EF /* Build configuration list for PBXNativeTarget "FlikTask" */;
			buildPhases = (
				397339B0235CC68A00BFF4EF /* Sources */,
				397339B1235CC68A00BFF4EF /* Frameworks */,
				397339B2235CC68A00BFF4EF /* Resources */,
			);
			buildRules = (
			);
			dependencies = (
			);
			name = FlikTask;
			productName = FlikTask;
			productReference = 397339B4235CC68A00BFF4EF /* FlikTask.app */;
			productType = "com.apple.product-type.application";
		};
		397339C9235CC68B00BFF4EF /* FlikTaskTests */ = {
			isa = PBXNativeTarget;
			buildConfigurationList = 397339E1235CC68B00BFF4EF /* Build configuration list for PBXNativeTarget "FlikTaskTests" */;
			buildPhases = (
				397339C6235CC68B00BFF4EF /* Sources */,
				397339C7235CC68B00BFF4EF /* Frameworks */,
				397339C8235CC68B00BFF4EF /* Resources */,
			);
			buildRules = (
			);
			dependencies = (
				397339CC235CC68B00BFF4EF /* PBXTargetDependency */,
			);
			name = FlikTaskTests;
			productName = FlikTaskTests;
			productReference = 397339CA235CC68B00BFF4EF /* FlikTaskTests.xctest */;
			productType = "com.apple.product-type.bundle.unit-test";
		};
		397339D4235CC68B00BFF4EF /* FlikTaskUITests */ = {
			isa = PBXNativeTarget;
			buildConfigurationList = 397339E4235CC68B00BFF4EF /* Build configuration list for PBXNativeTarget "FlikTaskUITests" */;
			buildPhases = (
				397339D1235CC68B00BFF4EF /* Sources */,
				397339D2235CC68B00BFF4EF /* Frameworks */,
				397339D3235CC68B00BFF4EF /* Resources */,
			);
			buildRules = (
			);
			dependencies = (
				397339D7235CC68B00BFF4EF /* PBXTargetDependency */,
			);
			name = FlikTaskUITests;
			productName = FlikTaskUITests;
			productReference = 397339D5235CC68B00BFF4EF /* FlikTaskUITests.xctest */;
			productType = "com.apple.product-type.bundle.ui-testing";
		};
/* End PBXNativeTarget section */

/* Begin PBXProject section */
		397339AC235CC68A00BFF4EF /* Project object */ = {
			isa = PBXProject;
			attributes = {
				LastSwiftUpdateCheck = 0910;
				LastUpgradeCheck = 0910;
				ORGANIZATIONNAME = vimal;
				TargetAttributes = {
					397339B3235CC68A00BFF4EF = {
						CreatedOnToolsVersion = 9.1;
						ProvisioningStyle = Automatic;
					};
					397339C9235CC68B00BFF4EF = {
						CreatedOnToolsVersion = 9.1;
						ProvisioningStyle = Automatic;
						TestTargetID = 397339B3235CC68A00BFF4EF;
					};
					397339D4235CC68B00BFF4EF = {
						CreatedOnToolsVersion = 9.1;
						ProvisioningStyle = Automatic;
						TestTargetID = 397339B3235CC68A00BFF4EF;
					};
				};
			};
			buildConfigurationList = 397339AF235CC68A00BFF4EF /* Build configuration list for PBXProject "FlikTask" */;
			compatibilityVersion = "Xcode 8.0";
			developmentRegion = en;
			hasScannedForEncodings = 0;
			knownRegions = (
				en,
				Base,
			);
			mainGroup = 397339AB235CC68A00BFF4EF;
			productRefGroup = 397339B5235CC68A00BFF4EF /* Products */;
			projectDirPath = "";
			projectRoot = "";
			targets = (
				397339B3235CC68A00BFF4EF /* FlikTask */,
				397339C9235CC68B00BFF4EF /* FlikTaskTests */,
				397339D4235CC68B00BFF4EF /* FlikTaskUITests */,
			);
		};
/* End PBXProject section */

/* Begin PBXResourcesBuildPhase section */
		397339B2235CC68A00BFF4EF /* Resources */ = {
			isa = PBXResourcesBuildPhase;
			buildActionMask = 2147483647;
			files = (
				397339C4235CC68B00BFF4EF /* LaunchScreen.storyboard in Resources */,
				397339C1235CC68B00BFF4EF /* Assets.xcassets in Resources */,
				397339BF235CC68B00BFF4EF /* Main.storyboard in Resources */,
			);
			runOnlyForDeploymentPostprocessing = 0;
		};
		397339C8235CC68B00BFF4EF /* Resources */ = {
			isa = PBXResourcesBuildPhase;
			buildActionMask = 2147483647;
			files = (
			);
			runOnlyForDeploymentPostprocessing = 0;
		};
		397339D3235CC68B00BFF4EF /* Resources */ = {
			isa = PBXResourcesBuildPhase;
			buildActionMask = 2147483647;
			files = (
			);
			runOnlyForDeploymentPostprocessing = 0;
		};
/* End PBXResourcesBuildPhase section */

/* Begin PBXSourcesBuildPhase section */
		397339B0235CC68A00BFF4EF /* Sources */ = {
			isa = PBXSourcesBuildPhase;
			buildActionMask = 2147483647;
			files = (
				397339EA235CE42000BFF4EF /* CollectionViewCell.swift in Sources */,
				397339BC235CC68B00BFF4EF /* SecondViewController.swift in Sources */,
				397339EE235CEECB00BFF4EF /* fourthViewController.swift in Sources */,
				397339EC235CEC7000BFF4EF /* thirdViewController.swift in Sources */,
				397339B8235CC68B00BFF4EF /* AppDelegate.swift in Sources */,
				397339E8235CD20100BFF4EF /* ViewController.swift in Sources */,
				397339BA235CC68B00BFF4EF /* FirstViewController.swift in Sources */,
			);
			runOnlyForDeploymentPostprocessing = 0;
		};
		397339C6235CC68B00BFF4EF /* Sources */ = {
			isa = PBXSourcesBuildPhase;
			buildActionMask = 2147483647;
			files = (
				397339CF235CC68B00BFF4EF /* FlikTaskTests.swift in Sources */,
			);
			runOnlyForDeploymentPostprocessing = 0;
		};
		397339D1235CC68B00BFF4EF /* Sources */ = {
			isa = PBXSourcesBuildPhase;
			buildActionMask = 2147483647;
			files = (
				397339DA235CC68B00BFF4EF /* FlikTaskUITests.swift in Sources */,
			);
			runOnlyForDeploymentPostprocessing = 0;
		};
/* End PBXSourcesBuildPhase section */

/* Begin PBXTargetDependency section */
		397339CC235CC68B00BFF4EF /* PBXTargetDependency */ = {
			isa = PBXTargetDependency;
			target = 397339B3235CC68A00BFF4EF /* FlikTask */;
			targetProxy = 397339CB235CC68B00BFF4EF /* PBXContainerItemProxy */;
		};
		397339D7235CC68B00BFF4EF /* PBXTargetDependency */ = {
			isa = PBXTargetDependency;
			target = 397339B3235CC68A00BFF4EF /* FlikTask */;
			targetProxy = 397339D6235CC68B00BFF4EF /* PBXContainerItemProxy */;
		};
/* End PBXTargetDependency section */

/* Begin PBXVariantGroup section */
		397339BD235CC68B00BFF4EF /* Main.storyboard */ = {
			isa = PBXVariantGroup;
			children = (
				397339BE235CC68B00BFF4EF /* Base */,
			);
			name = Main.storyboard;
			sourceTree = "<group>";
		};
		397339C2235CC68B00BFF4EF /* LaunchScreen.storyboard */ = {
			isa = PBXVariantGroup;
			children = (
				397339C3235CC68B00BFF4EF /* Base */,
			);
			name = LaunchScreen.storyboard;
			sourceTree = "<group>";
		};
/* End PBXVariantGroup section */

/* Begin XCBuildConfiguration section */
		397339DC235CC68B00BFF4EF /* Debug */ = {
			isa = XCBuildConfiguration;
			buildSettings = {
				ALWAYS_SEARCH_USER_PATHS = NO;
				CLANG_ANALYZER_NONNULL = YES;
				CLANG_ANALYZER_NUMBER_OBJECT_CONVERSION = YES_AGGRESSIVE;
				CLANG_CXX_LANGUAGE_STANDARD = "gnu++14";
				CLANG_CXX_LIBRARY = "libc++";
				CLANG_ENABLE_MODULES = YES;
				CLANG_ENABLE_OBJC_ARC = YES;
				CLANG_WARN_BLOCK_CAPTURE_AUTORELEASING = YES;
				CLANG_WARN_BOOL_CONVERSION = YES;
				CLANG_WARN_COMMA = YES;
				CLANG_WARN_CONSTANT_CONVERSION = YES;
				CLANG_WARN_DIRECT_OBJC_ISA_USAGE = YES_ERROR;
				CLANG_WARN_DOCUMENTATION_COMMENTS = YES;
				CLANG_WARN_EMPTY_BODY = YES;
				CLANG_WARN_ENUM_CONVERSION = YES;
				CLANG_WARN_INFINITE_RECURSION = YES;
				CLANG_WARN_INT_CONVERSION = YES;
				CLANG_WARN_NON_LITERAL_NULL_CONVERSION = YES;
				CLANG_WARN_OBJC_LITERAL_CONVERSION = YES;
				CLANG_WARN_OBJC_ROOT_CLASS = YES_ERROR;
				CLANG_WARN_RANGE_LOOP_ANALYSIS = YES;
				CLANG_WARN_STRICT_PROTOTYPES = YES;
				CLANG_WARN_SUSPICIOUS_MOVE = YES;
				CLANG_WARN_UNGUARDED_AVAILABILITY = YES_AGGRESSIVE;
				CLANG_WARN_UNREACHABLE_CODE = YES;
				CLANG_WARN__DUPLICATE_METHOD_MATCH = YES;
				CODE_SIGN_IDENTITY = "iPhone Developer";
				COPY_PHASE_STRIP = NO;
				DEBUG_INFORMATION_FORMAT = dwarf;
				ENABLE_STRICT_OBJC_MSGSEND = YES;
				ENABLE_TESTABILITY = YES;
				GCC_C_LANGUAGE_STANDARD = gnu11;
				GCC_DYNAMIC_NO_PIC = NO;
				GCC_NO_COMMON_BLOCKS = YES;
				GCC_OPTIMIZATION_LEVEL = 0;
				GCC_PREPROCESSOR_DEFINITIONS = (
					"DEBUG=1",
					"$(inherited)",
				);
				GCC_WARN_64_TO_32_BIT_CONVERSION = YES;
				GCC_WARN_ABOUT_RETURN_TYPE = YES_ERROR;
				GCC_WARN_UNDECLARED_SELECTOR = YES;
				GCC_WARN_UNINITIALIZED_AUTOS = YES_AGGRESSIVE;
				GCC_WARN_UNUSED_FUNCTION = YES;
				GCC_WARN_UNUSED_VARIABLE = YES;
				IPHONEOS_DEPLOYMENT_TARGET = 11.1;
				MTL_ENABLE_DEBUG_INFO = YES;
				ONLY_ACTIVE_ARCH = YES;
				SDKROOT = iphoneos;
				SWIFT_ACTIVE_COMPILATION_CONDITIONS = DEBUG;
				SWIFT_OPTIMIZATION_LEVEL = "-Onone";
			};
			name = Debug;
		};
		397339DD235CC68B00BFF4EF /* Release */ = {
			isa = XCBuildConfiguration;
			buildSettings = {
				ALWAYS_SEARCH_USER_PATHS = NO;
				CLANG_ANALYZER_NONNULL = YES;
				CLANG_ANALYZER_NUMBER_OBJECT_CONVERSION = YES_AGGRESSIVE;
				CLANG_CXX_LANGUAGE_STANDARD = "gnu++14";
				CLANG_CXX_LIBRARY = "libc++";
				CLANG_ENABLE_MODULES = YES;
				CLANG_ENABLE_OBJC_ARC = YES;
				CLANG_WARN_BLOCK_CAPTURE_AUTORELEASING = YES;
				CLANG_WARN_BOOL_CONVERSION = YES;
				CLANG_WARN_COMMA = YES;
				CLANG_WARN_CONSTANT_CONVERSION = YES;
				CLANG_WARN_DIRECT_OBJC_ISA_USAGE = YES_ERROR;
				CLANG_WARN_DOCUMENTATION_COMMENTS = YES;
				CLANG_WARN_EMPTY_BODY = YES;
				CLANG_WARN_ENUM_CONVERSION = YES;
				CLANG_WARN_INFINITE_RECURSION = YES;
				CLANG_WARN_INT_CONVERSION = YES;
				CLANG_WARN_NON_LITERAL_NULL_CONVERSION = YES;
				CLANG_WARN_OBJC_LITERAL_CONVERSION = YES;
				CLANG_WARN_OBJC_ROOT_CLASS = YES_ERROR;
				CLANG_WARN_RANGE_LOOP_ANALYSIS = YES;
				CLANG_WARN_STRICT_PROTOTYPES = YES;
				CLANG_WARN_SUSPICIOUS_MOVE = YES;
				CLANG_WARN_UNGUARDED_AVAILABILITY = YES_AGGRESSIVE;
				CLANG_WARN_UNREACHABLE_CODE = YES;
				CLANG_WARN__DUPLICATE_METHOD_MATCH = YES;
				CODE_SIGN_IDENTITY = "iPhone Developer";
				COPY_PHASE_STRIP = NO;
				DEBUG_INFORMATION_FORMAT = "dwarf-with-dsym";
				ENABLE_NS_ASSERTIONS = NO;
				ENABLE_STRICT_OBJC_MSGSEND = YES;
				GCC_C_LANGUAGE_STANDARD = gnu11;
				GCC_NO_COMMON_BLOCKS = YES;
				GCC_WARN_64_TO_32_BIT_CONVERSION = YES;
				GCC_WARN_ABOUT_RETURN_TYPE = YES_ERROR;
				GCC_WARN_UNDECLARED_SELECTOR = YES;
				GCC_WARN_UNINITIALIZED_AUTOS = YES_AGGRESSIVE;
				GCC_WARN_UNUSED_FUNCTION = YES;
				GCC_WARN_UNUSED_VARIABLE = YES;
				IPHONEOS_DEPLOYMENT_TARGET = 11.1;
				MTL_ENABLE_DEBUG_INFO = NO;
				SDKROOT = iphoneos;
				SWIFT_OPTIMIZATION_LEVEL = "-Owholemodule";
				VALIDATE_PRODUCT = YES;
			};
			name = Release;
		};
		397339DF235CC68B00BFF4EF /* Debug */ = {
			isa = XCBuildConfiguration;
			buildSettings = {
				ASSETCATALOG_COMPILER_APPICON_NAME = AppIcon;
				CODE_SIGN_STYLE = Automatic;
				INFOPLIST_FILE = FlikTask/Info.plist;
				LD_RUNPATH_SEARCH_PATHS = "$(inherited) @executable_path/Frameworks";
				PRODUCT_BUNDLE_IDENTIFIER = maniyar.FlikTask;
				PRODUCT_NAME = "$(TARGET_NAME)";
				SWIFT_VERSION = 4.0;
				TARGETED_DEVICE_FAMILY = "1,2";
			};
			name = Debug;
		};
		397339E0235CC68B00BFF4EF /* Release */ = {
			isa = XCBuildConfiguration;
			buildSettings = {
				ASSETCATALOG_COMPILER_APPICON_NAME = AppIcon;
				CODE_SIGN_STYLE = Automatic;
				INFOPLIST_FILE = FlikTask/Info.plist;
				LD_RUNPATH_SEARCH_PATHS = "$(inherited) @executable_path/Frameworks";
				PRODUCT_BUNDLE_IDENTIFIER = maniyar.FlikTask;
				PRODUCT_NAME = "$(TARGET_NAME)";
				SWIFT_VERSION = 4.0;
				TARGETED_DEVICE_FAMILY = "1,2";
			};
			name = Release;
		};
		397339E2235CC68B00BFF4EF /* Debug */ = {
			isa = XCBuildConfiguration;
			buildSettings = {
				ALWAYS_EMBED_SWIFT_STANDARD_LIBRARIES = YES;
				BUNDLE_LOADER = "$(TEST_HOST)";
				CODE_SIGN_STYLE = Automatic;
				INFOPLIST_FILE = FlikTaskTests/Info.plist;
				LD_RUNPATH_SEARCH_PATHS = "$(inherited) @executable_path/Frameworks @loader_path/Frameworks";
				PRODUCT_BUNDLE_IDENTIFIER = maniyar.FlikTaskTests;
				PRODUCT_NAME = "$(TARGET_NAME)";
				SWIFT_VERSION = 4.0;
				TARGETED_DEVICE_FAMILY = "1,2";
				TEST_HOST = "$(BUILT_PRODUCTS_DIR)/FlikTask.app/FlikTask";
			};
			name = Debug;
		};
		397339E3235CC68B00BFF4EF /* Release */ = {
			isa = XCBuildConfiguration;
			buildSettings = {
				ALWAYS_EMBED_SWIFT_STANDARD_LIBRARIES = YES;
				BUNDLE_LOADER = "$(TEST_HOST)";
				CODE_SIGN_STYLE = Automatic;
				INFOPLIST_FILE = FlikTaskTests/Info.plist;
				LD_RUNPATH_SEARCH_PATHS = "$(inherited) @executable_path/Frameworks @loader_path/Frameworks";
				PRODUCT_BUNDLE_IDENTIFIER = maniyar.FlikTaskTests;
				PRODUCT_NAME = "$(TARGET_NAME)";
				SWIFT_VERSION = 4.0;
				TARGETED_DEVICE_FAMILY = "1,2";
				TEST_HOST = "$(BUILT_PRODUCTS_DIR)/FlikTask.app/FlikTask";
			};
			name = Release;
		};
		397339E5235CC68B00BFF4EF /* Debug */ = {
			isa = XCBuildConfiguration;
			buildSettings = {
				ALWAYS_EMBED_SWIFT_STANDARD_LIBRARIES = YES;
				CODE_SIGN_STYLE = Automatic;
				INFOPLIST_FILE = FlikTaskUITests/Info.plist;
				LD_RUNPATH_SEARCH_PATHS = "$(inherited) @executable_path/Frameworks @loader_path/Frameworks";
				PRODUCT_BUNDLE_IDENTIFIER = maniyar.FlikTaskUITests;
				PRODUCT_NAME = "$(TARGET_NAME)";
				SWIFT_VERSION = 4.0;
				TARGETED_DEVICE_FAMILY = "1,2";
				TEST_TARGET_NAME = FlikTask;
			};
			name = Debug;
		};
		397339E6235CC68B00BFF4EF /* Release */ = {
			isa = XCBuildConfiguration;
			buildSettings = {
				ALWAYS_EMBED_SWIFT_STANDARD_LIBRARIES = YES;
				CODE_SIGN_STYLE = Automatic;
				INFOPLIST_FILE = FlikTaskUITests/Info.plist;
				LD_RUNPATH_SEARCH_PATHS = "$(inherited) @executable_path/Frameworks @loader_path/Frameworks";
				PRODUCT_BUNDLE_IDENTIFIER = maniyar.FlikTaskUITests;
				PRODUCT_NAME = "$(TARGET_NAME)";
				SWIFT_VERSION = 4.0;
				TARGETED_DEVICE_FAMILY = "1,2";
				TEST_TARGET_NAME = FlikTask;
			};
			name = Release;
		};
/* End XCBuildConfiguration section */

/* Begin XCConfigurationList section */
		397339AF235CC68A00BFF4EF /* Build configuration list for PBXProject "FlikTask" */ = {
			isa = XCConfigurationList;
			buildConfigurations = (
				397339DC235CC68B00BFF4EF /* Debug */,
				397339DD235CC68B00BFF4EF /* Release */,
			);
			defaultConfigurationIsVisible = 0;
			defaultConfigurationName = Release;
		};
		397339DE235CC68B00BFF4EF /* Build configuration list for PBXNativeTarget "FlikTask" */ = {
			isa = XCConfigurationList;
			buildConfigurations = (
				397339DF235CC68B00BFF4EF /* Debug */,
				397339E0235CC68B00BFF4EF /* Release */,
			);
			defaultConfigurationIsVisible = 0;
			defaultConfigurationName = Release;
		};
		397339E1235CC68B00BFF4EF /* Build configuration list for PBXNativeTarget "FlikTaskTests" */ = {
			isa = XCConfigurationList;
			buildConfigurations = (
				397339E2235CC68B00BFF4EF /* Debug */,
				397339E3235CC68B00BFF4EF /* Release */,
			);
			defaultConfigurationIsVisible = 0;
			defaultConfigurationName = Release;
		};
		397339E4235CC68B00BFF4EF /* Build configuration list for PBXNativeTarget "FlikTaskUITests" */ = {
			isa = XCConfigurationList;
			buildConfigurations = (
				397339E5235CC68B00BFF4EF /* Debug */,
				397339E6235CC68B00BFF4EF /* Release */,
			);
			defaultConfigurationIsVisible = 0;
			defaultConfigurationName = Release;
		};
/* End XCConfigurationList section */
	};
	rootObject = 397339AC235CC68A00BFF4EF /* Project object */;
}
